
Microsoft Visual Studio Solution File, Format Version 12.00
# Visual Studio 15
VisualStudioVersion = 15.0.28307.1209
MinimumVisualStudioVersion = 10.0.40219.1
Project("{8BC9CEB8-8B4A-11D0-8D11-00A0C91BC942}") = "TestCodeOne", "TestCodeOne\TestCodeOne.vcxproj", "{A61C6CD6-5915-48FB-9CD2-4D54316DDE32}"
EndProject
Project("{8BC9CEB8-8B4A-11D0-8D11-00A0C91BC942}") = "VideoServer", "VideoServer\VideoServer.vcxproj", "{23A3DE4E-6694-45A0-881B-D642B708A7DC}"
EndProject
Global
	GlobalSection(SolutionConfigurationPlatforms) = preSolution
		Debug|ARM = Debug|ARM
		Debug|ARM64 = Debug|ARM64
		Debug|x64 = Debug|x64
		Debug|x86 = Debug|x86
		Release|ARM = Release|ARM
		Release|ARM64 = Release|ARM64
		Release|x64 = Release|x64
		Release|x86 = Release|x86
	EndGlobalSection
	GlobalSection(ProjectConfigurationPlatforms) = postSolution
		{A61C6CD6-5915-48FB-9CD2-4D54316DDE32}.Debug|ARM.ActiveCfg = Debug|ARM
		{A61C6CD6-5915-48FB-9CD2-4D54316DDE32}.Debug|ARM.Build.0 = Debug|ARM
		{A61C6CD6-5915-48FB-9CD2-4D54316DDE32}.Debug|ARM64.ActiveCfg = Debug|ARM64
		{A61C6CD6-5915-48FB-9CD2-4D54316DDE32}.Debug|ARM64.Build.0 = Debug|ARM64
		{A61C6CD6-5915-48FB-9CD2-4D54316DDE32}.Debug|x64.ActiveCfg = Debug|x64
		{A61C6CD6-5915-48FB-9CD2-4D54316DDE32}.Debug|x64.Build.0 = Debug|x64
		{A61C6CD6-5915-48FB-9CD2-4D54316DDE32}.Debug|x86.ActiveCfg = Debug|x86
		{A61C6CD6-5915-48FB-9CD2-4D54316DDE32}.Debug|x86.Build.0 = Debug|x86
		{A61C6CD6-5915-48FB-9CD2-4D54316DDE32}.Release|ARM.ActiveCfg = Release|ARM
		{A61C6CD6-5915-48FB-9CD2-4D54316DDE32}.Release|ARM.Build.0 = Release|ARM
		{A61C6CD6-5915-48FB-9CD2-4D54316DDE32}.Release|ARM64.ActiveCfg = Release|ARM64
		{A61C6CD6-5915-48FB-9CD2-4D54316DDE32}.Release|ARM64.Build.0 = Release|ARM64
		{A61C6CD6-5915-48FB-9CD2-4D54316DDE32}.Release|x64.ActiveCfg = Release|x64
		{A61C6CD6-5915-48FB-9CD2-4D54316DDE32}.Release|x64.Build.0 = Release|x64
		{A61C6CD6-5915-48FB-9CD2-4D54316DDE32}.Release|x86.ActiveCfg = Release|x86
		{A61C6CD6-5915-48FB-9CD2-4D54316DDE32}.Release|x86.Build.0 = Release|x86
		{23A3DE4E-6694-45A0-881B-D642B708A7DC}.Debug|ARM.ActiveCfg = Debug|ARM
		{23A3DE4E-6694-45A0-881B-D642B708A7DC}.Debug|ARM.Build.0 = Debug|ARM
		{23A3DE4E-6694-45A0-881B-D642B708A7DC}.Debug|ARM64.ActiveCfg = Debug|ARM64
		{23A3DE4E-6694-45A0-881B-D642B708A7DC}.Debug|ARM64.Build.0 = Debug|ARM64
		{23A3DE4E-6694-45A0-881B-D642B708A7DC}.Debug|x64.ActiveCfg = Debug|x64
		{23A3DE4E-6694-45A0-881B-D642B708A7DC}.Debug|x64.Build.0 = Debug|x64
		{23A3DE4E-6694-45A0-881B-D642B708A7DC}.Debug|x86.ActiveCfg = Debug|x86
		{23A3DE4E-6694-45A0-881B-D642B708A7DC}.Debug|x86.Build.0 = Debug|x86
		{23A3DE4E-6694-45A0-881B-D642B708A7DC}.Release|ARM.ActiveCfg = Release|ARM
		{23A3DE4E-6694-45A0-881B-D642B708A7DC}.Release|ARM.Build.0 = Release|ARM
		{23A3DE4E-6694-45A0-881B-D642B708A7DC}.Release|ARM64.ActiveCfg = Release|ARM64
		{23A3DE4E-6694-45A0-881B-D642B708A7DC}.Release|ARM64.Build.0 = Release|ARM64
		{23A3DE4E-6694-45A0-881B-D642B708A7DC}.Release|x64.ActiveCfg = Release|x64
		{23A3DE4E-6694-45A0-881B-D642B708A7DC}.Release|x64.Build.0 = Release|x64
		{23A3DE4E-6694-45A0-881B-D642B708A7DC}.Release|x86.ActiveCfg = Release|x86
		{23A3DE4E-6694-45A0-881B-D642B708A7DC}.Release|x86.Build.0 = Release|x86
	EndGlobalSection
	GlobalSection(SolutionProperties) = preSolution
		HideSolutionNode = FALSE
	EndGlobalSection
	GlobalSection(ExtensibilityGlobals) = postSolution
		SolutionGuid = {D13D4F0D-1C69-41C2-8809-7697D3B912D9}
	EndGlobalSection
EndGlobal
